github.com/BurntSushi/toml v1.4.1-0.20240526193622-a339e1f7089c h1:pxW6RcqyfI9/kWtOwnv/G+AzdKuy2ZrqINhenH4HyNs=
github.com/BurntSushi/toml v1.4.1-0.20240526193622-a339e1f7089c/go.mod h1:ukJfTF/6rtPPRCnwkur4qwRxa8vTRFBF0uk2lLoLwho=
github.com/cpuguy83/go-md2man/v2 v2.0.6/go.mod h1:oOW0eioCTA6cOiMLiUPZOpcVxMig6NIQQ7OS05n1F4g=
github.com/dlclark/regexp2 v1.11.0 h1:G/nrcoOa7ZXlpoa/91N3X7mM3r8eIlMBBJZvsz/mxKI=
github.com/dlclark/regexp2 v1.11.0/go.mod h1:DHkYz0B9wPfa6wondMfaivmHpzrQ3v9q8cnmRbL6yW8=
github.com/goccy/go-yaml v1.19.2 h1:PmFC1S6h8ljIz6gMRBopkjP1TVT7xuwrButHID66PoM=
github.com/goccy/go-yaml v1.19.2/go.mod h1:XBurs7gK8ATbW4ZPGKgcbrY1Br56PdM69F7LkFRi1kA=
github.com/google/go-cmp v0.7.0 h1:wk8382ETsv4JYUZwIsn6YpYiWiBsYLSJiTsyBybVuN8=
github.com/google/go-cmp v0.7.0/go.mod h1:pXiqmnSA92OHEEa9HXL2W4E7lf9JzCmGVUdgjX3N/iU=
github.com/inconshreveable/mousetrap v1.1.0 h1:wN+x4NVGpMsO7ErUn/mUI3vEoE6Jt13X2s0bqwp9tc8=
github.com/inconshreveable/mousetrap v1.1.0/go.mod h1:vpF70FUmC8bwa3OWnCshd2FqLfsEA9PFc4w1p2J65bw=
github.com/kisielk/errcheck v1.20.0 h1:9rwHBNKzd4wkDWcROy3DvFGNqEPlkxBg305rvk7HabI=
github.com/kisielk/errcheck v1.20.0/go.mod h1:O+f80MKNwX8Oor2jwgpeQ9An7uJm+hRSgT+h22knRJU=
github.com/russross/blackfriday/v2 v2.1.0/go.mod h1:+Rmxgy9KzJVeS9/2gXHxylqXiyQDYRxCVz55jmeOWTM=
github.com/santhosh-tekuri/jsonschema/v6 v6.0.3 h1:1EYB5IzjZawrrnELUi78f9fPu57HuXjmddZPjrls/28=
github.com/santhosh-tekuri/jsonschema/v6 v6.0.3/go.mod h1:JXeL+ps8p7/KNMjDQk3TCwPpBy0wYklyWTfbkIzdIFU=
github.com/spf13/cobra v1.10.2 h1:DMTTonx5m65Ic0GOoRY2c16WCbHxOOw6xxezuLaBpcU=
github.com/spf13/cobra v1.10.2/go.mod h1:7C1pvHqHw5A4vrJfjNwvOdzYu0Gml16OCs2GRiTUUS4=
github.com/spf13/pflag v1.0.9 h1:9exaQaMOCwffKiiiYk6/BndUBv+iRViNW+4lEMi0PvY=
github.com/spf13/pflag v1.0.9/go.mod h1:McXfInJRrz4CZXVZOBLb0bTZqETkiAhM9Iw0y3An2Bg=
go.yaml.in/yaml/v3 v3.0.4/go.mod h1:DhzuOOF2ATzADvBadXxruRBLzYTpT36CKvDb3+aBEFg=
golang.org/x/exp/typeparams v0.0.0-20231108232855-2478ac86f678 h1:1P7xPZEwZMoBoz0Yze5Nx2/4pxj6nw9ZqHWXqP0iRgQ=
golang.org/x/exp/typeparams v0.0.0-20231108232855-2478ac86f678/go.mod h1:AbB0pIl9nAr9wVwH+Z2ZpaocVmF5I4GyWCDIsVjR0bk=
golang.org/x/mod v0.35.0 h1:Ww1D637e6Pg+Zb2KrWfHQUnH2dQRLBQyAtpr/haaJeM=
golang.org/x/mod v0.35.0/go.mod h1:+GwiRhIInF8wPm+4AoT6L0FA1QWAad3OMdTRx4tFYlU=
golang.org/x/sync v0.20.0 h1:e0PTpb7pjO8GAtTs2dQ6jYa5BWYlMuX047Dco/pItO4=
golang.org/x/sync v0.20.0/go.mod h1:9xrNwdLfx4jkKbNva9FpL6vEN7evnE43NNNJQ2LF3+0=
golang.org/x/text v0.14.0 h1:ScX5w1eTa3QqT8oi6+ziP7dTV1S2+ALU0bI+0zXKWiQ=
golang.org/x/text v0.14.0/go.mod h1:18ZOQIKpY8NJVqYksKHtTdi31H5itFRjB5/qKTNYzSU=
golang.org/x/tools v0.44.1-0.20260420230617-19499e7caabc h1:vSv/HN1q9eoPD7lMyJYVJ/GPYnqtqu6adMxUmrxOB78=
golang.org/x/tools v0.44.1-0.20260420230617-19499e7caabc/go.mod h1:KA0AfVErSdxRZIsOVipbv3rQhVXTnlU6UhKxHd1seDI=
golang.org/x/tools/go/expect v0.1.1-deprecated h1:jpBZDwmgPhXsKZC6WhL20P4b/wmnpsEAGHaNy0n/rJM=
golang.org/x/tools/go/expect v0.1.1-deprecated/go.mod h1:eihoPOH+FgIqa3FpoTwguz/bVUSGBlGQU67vpBeOrBY=
gopkg.in/check.v1 v0.0.0-20161208181325-20d25e280405/go.mod h1:Co6ibVJAznAaIkqp8huTwlJQCZ016jof/cbN4VW5Yz0=
honnef.co/go/tools v0.8.1 h1:+JKf3xJ1ni4CwrhVg4/pqsfPGP6vNAXcKbMXJodYx3w=
honnef.co/go/tools v0.8.1/go.mod h1:XA+OnlRA9EDh/ukGvXMNSZNKGwFQJ+5dER0ioUkOxks=
